
Microsoft Visual Studio Solution File, Format Version 12.00
# Visual Studio Version 17
VisualStudioVersion = 17.13.35931.197 d17.13
MinimumVisualStudioVersion = 10.0.40219.1
Project("{FAE04EC0-301F-11D3-BF4B-00C04F79EFBC}") = "Polymorphism_Practice", "Polymorphism_Practice\Polymorphism_Practice.csproj", "{D9A71B7C-D5D0-49A4-8EC3-DCE35AA0D9A9}"
EndProject
Global
	GlobalSection(SolutionConfigurationPlatforms) = preSolution
		Debug|Any CPU = Debug|Any CPU
		Release|Any CPU = Release|Any CPU
	EndGlobalSection
	GlobalSection(ProjectConfigurationPlatforms) = postSolution
		{D9A71B7C-D5D0-49A4-8EC3-DCE35AA0D9A9}.Debug|Any CPU.ActiveCfg = Debug|Any CPU
		{D9A71B7C-D5D0-49A4-8EC3-DCE35AA0D9A9}.Debug|Any CPU.Build.0 = Debug|Any CPU
		{D9A71B7C-D5D0-49A4-8EC3-DCE35AA0D9A9}.Release|Any CPU.ActiveCfg = Release|Any CPU
		{D9A71B7C-D5D0-49A4-8EC3-DCE35AA0D9A9}.Release|Any CPU.Build.0 = Release|Any CPU
	EndGlobalSection
	GlobalSection(SolutionProperties) = preSolution
		HideSolutionNode = FALSE
	EndGlobalSection
	GlobalSection(ExtensibilityGlobals) = postSolution
		SolutionGuid = {4BE253D3-7520-41AD-9A9F-AD76C4AF1943}
	EndGlobalSection
EndGlobal
